
Microsoft Visual Studio Solution File, Format Version 12.00
# Visual Studio Version 17
VisualStudioVersion = 17.1.32228.430
MinimumVisualStudioVersion = 10.0.40219.1
Project("{FAE04EC0-301F-11D3-BF4B-00C04F79EFBC}") = "AccessExample", "AccessExample\AccessExample.csproj", "{4691D071-62F0-41CE-899B-401AFAF1F2EB}"
EndProject
Project("{FAE04EC0-301F-11D3-BF4B-00C04F79EFBC}") = "InheritanceExample", "InheritanceExample\InheritanceExample.csproj", "{91BF520D-1EA9-4F16-860B-BFDF12DC6432}"
EndProject
Project("{FAE04EC0-301F-11D3-BF4B-00C04F79EFBC}") = "AbstractionExample", "AbstractionExample\AbstractionExample.csproj", "{1F1A8493-BD24-4D17-BC0B-61BABC24508C}"
EndProject
Global
	GlobalSection(SolutionConfigurationPlatforms) = preSolution
		Debug|Any CPU = Debug|Any CPU
		Release|Any CPU = Release|Any CPU
	EndGlobalSection
	GlobalSection(ProjectConfigurationPlatforms) = postSolution
		{4691D071-62F0-41CE-899B-401AFAF1F2EB}.Debug|Any CPU.ActiveCfg = Debug|Any CPU
		{4691D071-62F0-41CE-899B-401AFAF1F2EB}.Debug|Any CPU.Build.0 = Debug|Any CPU
		{4691D071-62F0-41CE-899B-401AFAF1F2EB}.Release|Any CPU.ActiveCfg = Release|Any CPU
		{4691D071-62F0-41CE-899B-401AFAF1F2EB}.Release|Any CPU.Build.0 = Release|Any CPU
		{91BF520D-1EA9-4F16-860B-BFDF12DC6432}.Debug|Any CPU.ActiveCfg = Debug|Any CPU
		{91BF520D-1EA9-4F16-860B-BFDF12DC6432}.Debug|Any CPU.Build.0 = Debug|Any CPU
		{91BF520D-1EA9-4F16-860B-BFDF12DC6432}.Release|Any CPU.ActiveCfg = Release|Any CPU
		{91BF520D-1EA9-4F16-860B-BFDF12DC6432}.Release|Any CPU.Build.0 = Release|Any CPU
		{1F1A8493-BD24-4D17-BC0B-61BABC24508C}.Debug|Any CPU.ActiveCfg = Debug|Any CPU
		{1F1A8493-BD24-4D17-BC0B-61BABC24508C}.Debug|Any CPU.Build.0 = Debug|Any CPU
		{1F1A8493-BD24-4D17-BC0B-61BABC24508C}.Release|Any CPU.ActiveCfg = Release|Any CPU
		{1F1A8493-BD24-4D17-BC0B-61BABC24508C}.Release|Any CPU.Build.0 = Release|Any CPU
	EndGlobalSection
	GlobalSection(SolutionProperties) = preSolution
		HideSolutionNode = FALSE
	EndGlobalSection
	GlobalSection(ExtensibilityGlobals) = postSolution
		SolutionGuid = {553ACE77-431E-4948-A863-E5F880AD3935}
	EndGlobalSection
EndGlobal
